// !$*UTF8*$!
{
	archiveVersion = 1;
	classes = {
	};
	objectVersion = 50;
	objects = {

/* Begin PBXBuildFile section */
		0E33D4E5233F27760079D637 /* AppDelegate.swift in Sources */ = {isa = PBXBuildFile; fileRef = 0E33D4E4233F27760079D637 /* AppDelegate.swift */; };
		0E33D4EA233F27760079D637 /* Main.storyboard in Resources */ = {isa = PBXBuildFile; fileRef = 0E33D4E8233F27760079D637 /* Main.storyboard */; };
		0E33D4EC233F27780079D637 /* Assets.xcassets in Resources */ = {isa = PBXBuildFile; fileRef = 0E33D4EB233F27780079D637 /* Assets.xcassets */; };
		0E33D4EF233F27780079D637 /* LaunchScreen.storyboard in Resources */ = {isa = PBXBuildFile; fileRef = 0E33D4ED233F27780079D637 /* LaunchScreen.storyboard */; };
		0E33D4FA233F27780079D637 /* FlickerImageSearchViewModelTests.swift in Sources */ = {isa = PBXBuildFile; fileRef = 0E33D4F9233F27780079D637 /* FlickerImageSearchViewModelTests.swift */; };
		0E33D505233F27780079D637 /* FlickerAtFlickUITests.swift in Sources */ = {isa = PBXBuildFile; fileRef = 0E33D504233F27780079D637 /* FlickerAtFlickUITests.swift */; };
		0E33D51B233F320D0079D637 /* FlickerImageCell.swift in Sources */ = {isa = PBXBuildFile; fileRef = 0E33D519233F320D0079D637 /* FlickerImageCell.swift */; };
		0E33D51C233F320D0079D637 /* FlickerImageCell.xib in Resources */ = {isa = PBXBuildFile; fileRef = 0E33D51A233F320D0079D637 /* FlickerImageCell.xib */; };
		0E33D51F233F32BE0079D637 /* FlickerImageSearchController.swift in Sources */ = {isa = PBXBuildFile; fileRef = 0E33D51E233F32BE0079D637 /* FlickerImageSearchController.swift */; };
		0E33D522233F44470079D637 /* UICollectionView+CellRegistration.swift in Sources */ = {isa = PBXBuildFile; fileRef = 0E33D521233F44470079D637 /* UICollectionView+CellRegistration.swift */; };
		0E33D525233F454A0079D637 /* NibLodableView.swift in Sources */ = {isa = PBXBuildFile; fileRef = 0E33D524233F454A0079D637 /* NibLodableView.swift */; };
		0E33D527233F45890079D637 /* ReusableView.swift in Sources */ = {isa = PBXBuildFile; fileRef = 0E33D526233F45890079D637 /* ReusableView.swift */; };
		0E33D52A233F4A980079D637 /* CachedImageView.swift in Sources */ = {isa = PBXBuildFile; fileRef = 0E33D529233F4A980079D637 /* CachedImageView.swift */; };
		0E33D52C233F5AE30079D637 /* FlickerImageSearchViewModel.swift in Sources */ = {isa = PBXBuildFile; fileRef = 0E33D52B233F5AE30079D637 /* FlickerImageSearchViewModel.swift */; };
		0E33D52E233F5B010079D637 /* FlickerImageModel.swift in Sources */ = {isa = PBXBuildFile; fileRef = 0E33D52D233F5B010079D637 /* FlickerImageModel.swift */; };
		0E33D530233F5C210079D637 /* FlickerImageSearchModel.swift in Sources */ = {isa = PBXBuildFile; fileRef = 0E33D52F233F5C210079D637 /* FlickerImageSearchModel.swift */; };
		0E33D535233F6C670079D637 /* Utils.swift in Sources */ = {isa = PBXBuildFile; fileRef = 0E33D534233F6C670079D637 /* Utils.swift */; };
		0E33D53923445ACC0079D637 /* String+Encoding.swift in Sources */ = {isa = PBXBuildFile; fileRef = 0E33D53823445ACC0079D637 /* String+Encoding.swift */; };
		0E33D54123447AFF0079D637 /* EndPointType.swift in Sources */ = {isa = PBXBuildFile; fileRef = 0E33D54023447AFF0079D637 /* EndPointType.swift */; };
		0E33D54323447B910079D637 /* HTTPMethod.swift in Sources */ = {isa = PBXBuildFile; fileRef = 0E33D54223447B910079D637 /* HTTPMethod.swift */; };
		0E33D54523447C090079D637 /* HTTPTask.swift in Sources */ = {isa = PBXBuildFile; fileRef = 0E33D54423447C090079D637 /* HTTPTask.swift */; };
		0E33D54723447D250079D637 /* ParameterEncoding.swift in Sources */ = {isa = PBXBuildFile; fileRef = 0E33D54623447D250079D637 /* ParameterEncoding.swift */; };
		0E33D54923447F3A0079D637 /* URLParameterEncoder.swift in Sources */ = {isa = PBXBuildFile; fileRef = 0E33D54823447F3A0079D637 /* URLParameterEncoder.swift */; };
		0E33D54B234481EE0079D637 /* JSONParameterEncoder.swift in Sources */ = {isa = PBXBuildFile; fileRef = 0E33D54A234481EE0079D637 /* JSONParameterEncoder.swift */; };
		0E33D54D2344831E0079D637 /* NetworkRouter.swift in Sources */ = {isa = PBXBuildFile; fileRef = 0E33D54C2344831E0079D637 /* NetworkRouter.swift */; };
		0E33D54F2344854C0079D637 /* Router.swift in Sources */ = {isa = PBXBuildFile; fileRef = 0E33D54E2344854C0079D637 /* Router.swift */; };
		0E33D55123448AA70079D637 /* ImagesAPI.swift in Sources */ = {isa = PBXBuildFile; fileRef = 0E33D55023448AA70079D637 /* ImagesAPI.swift */; };
		0E33D55323448E4E0079D637 /* NetworkManager.swift in Sources */ = {isa = PBXBuildFile; fileRef = 0E33D55223448E4E0079D637 /* NetworkManager.swift */; };
		0E33D5572344DFB00079D637 /* ImageAPITests.swift in Sources */ = {isa = PBXBuildFile; fileRef = 0E33D5562344DFB00079D637 /* ImageAPITests.swift */; };
		0E33D55A2344E8D90079D637 /* EncoderTests.swift in Sources */ = {isa = PBXBuildFile; fileRef = 0E33D5592344E8D90079D637 /* EncoderTests.swift */; };
		0E33D55D2344F0FE0079D637 /* MainNavigationController.swift in Sources */ = {isa = PBXBuildFile; fileRef = 0E33D55C2344F0FE0079D637 /* MainNavigationController.swift */; };
/* End PBXBuildFile section */

/* Begin PBXContainerItemProxy section */
		0E33D4F6233F27780079D637 /* PBXContainerItemProxy */ = {
			isa = PBXContainerItemProxy;
			containerPortal = 0E33D4D9233F27760079D637 /* Project object */;
			proxyType = 1;
			remoteGlobalIDString = 0E33D4E0233F27760079D637;
			remoteInfo = FlickerAtFlick;
		};
		0E33D501233F27780079D637 /* PBXContainerItemProxy */ = {
			isa = PBXContainerItemProxy;
			containerPortal = 0E33D4D9233F27760079D637 /* Project object */;
			proxyType = 1;
			remoteGlobalIDString = 0E33D4E0233F27760079D637;
			remoteInfo = FlickerAtFlick;
		};
/* End PBXContainerItemProxy section */

/* Begin PBXFileReference section */
		0E33D4E1233F27760079D637 /* FlickerAtFlick.app */ = {isa = PBXFileReference; explicitFileType = wrapper.application; includeInIndex = 0; path = FlickerAtFlick.app; sourceTree = BUILT_PRODUCTS_DIR; };
		0E33D4E4233F27760079D637 /* AppDelegate.swift */ = {isa = PBXFileReference; lastKnownFileType = sourcecode.swift; path = AppDelegate.swift; sourceTree = "<group>"; };
		0E33D4E9233F27760079D637 /* Base */ = {isa = PBXFileReference; lastKnownFileType = file.storyboard; name = Base; path = Base.lproj/Main.storyboard; sourceTree = "<group>"; };
		0E33D4EB233F27780079D637 /* Assets.xcassets */ = {isa = PBXFileReference; lastKnownFileType = folder.assetcatalog; path = Assets.xcassets; sourceTree = "<group>"; };
		0E33D4EE233F27780079D637 /* Base */ = {isa = PBXFileReference; lastKnownFileType = file.storyboard; name = Base; path = Base.lproj/LaunchScreen.storyboard; sourceTree = "<group>"; };
		0E33D4F0233F27780079D637 /* Info.plist */ = {isa = PBXFileReference; lastKnownFileType = text.plist.xml; path = Info.plist; sourceTree = "<group>"; };
		0E33D4F5233F27780079D637 /* FlickerAtFlickTests.xctest */ = {isa = PBXFileReference; explicitFileType = wrapper.cfbundle; includeInIndex = 0; path = FlickerAtFlickTests.xctest; sourceTree = BUILT_PRODUCTS_DIR; };
		0E33D4F9233F27780079D637 /* FlickerImageSearchViewModelTests.swift */ = {isa = PBXFileReference; lastKnownFileType = sourcecode.swift; path = FlickerImageSearchViewModelTests.swift; sourceTree = "<group>"; };
		0E33D4FB233F27780079D637 /* Info.plist */ = {isa = PBXFileReference; lastKnownFileType = text.plist.xml; path = Info.plist; sourceTree = "<group>"; };
		0E33D500233F27780079D637 /* FlickerAtFlickUITests.xctest */ = {isa = PBXFileReference; explicitFileType = wrapper.cfbundle; includeInIndex = 0; path = FlickerAtFlickUITests.xctest; sourceTree = BUILT_PRODUCTS_DIR; };
		0E33D504233F27780079D637 /* FlickerAtFlickUITests.swift */ = {isa = PBXFileReference; lastKnownFileType = sourcecode.swift; path = FlickerAtFlickUITests.swift; sourceTree = "<group>"; };
		0E33D506233F27780079D637 /* Info.plist */ = {isa = PBXFileReference; lastKnownFileType = text.plist.xml; path = Info.plist; sourceTree = "<group>"; };
		0E33D519233F320D0079D637 /* FlickerImageCell.swift */ = {isa = PBXFileReference; lastKnownFileType = sourcecode.swift; path = FlickerImageCell.swift; sourceTree = "<group>"; };
		0E33D51A233F320D0079D637 /* FlickerImageCell.xib */ = {isa = PBXFileReference; lastKnownFileType = file.xib; path = FlickerImageCell.xib; sourceTree = "<group>"; };
		0E33D51E233F32BE0079D637 /* FlickerImageSearchController.swift */ = {isa = PBXFileReference; lastKnownFileType = sourcecode.swift; path = FlickerImageSearchController.swift; sourceTree = "<group>"; };
		0E33D521233F44470079D637 /* UICollectionView+CellRegistration.swift */ = {isa = PBXFileReference; lastKnownFileType = sourcecode.swift; path = "UICollectionView+CellRegistration.swift"; sourceTree = "<group>"; };
		0E33D524233F454A0079D637 /* NibLodableView.swift */ = {isa = PBXFileReference; lastKnownFileType = sourcecode.swift; path = NibLodableView.swift; sourceTree = "<group>"; };
		0E33D526233F45890079D637 /* ReusableView.swift */ = {isa = PBXFileReference; lastKnownFileType = sourcecode.swift; path = ReusableView.swift; sourceTree = "<group>"; };
		0E33D529233F4A980079D637 /* CachedImageView.swift */ = {isa = PBXFileReference; lastKnownFileType = sourcecode.swift; path = CachedImageView.swift; sourceTree = "<group>"; };
		0E33D52B233F5AE30079D637 /* FlickerImageSearchViewModel.swift */ = {isa = PBXFileReference; lastKnownFileType = sourcecode.swift; path = FlickerImageSearchViewModel.swift; sourceTree = "<group>"; };
		0E33D52D233F5B010079D637 /* FlickerImageModel.swift */ = {isa = PBXFileReference; lastKnownFileType = sourcecode.swift; path = FlickerImageModel.swift; sourceTree = "<group>"; };
		0E33D52F233F5C210079D637 /* FlickerImageSearchModel.swift */ = {isa = PBXFileReference; lastKnownFileType = sourcecode.swift; path = FlickerImageSearchModel.swift; sourceTree = "<group>"; };
		0E33D534233F6C670079D637 /* Utils.swift */ = {isa = PBXFileReference; lastKnownFileType = sourcecode.swift; path = Utils.swift; sourceTree = "<group>"; };
		0E33D53823445ACC0079D637 /* String+Encoding.swift */ = {isa = PBXFileReference; lastKnownFileType = sourcecode.swift; path = "String+Encoding.swift"; sourceTree = "<group>"; };
		0E33D54023447AFF0079D637 /* EndPointType.swift */ = {isa = PBXFileReference; lastKnownFileType = sourcecode.swift; path = EndPointType.swift; sourceTree = "<group>"; };
		0E33D54223447B910079D637 /* HTTPMethod.swift */ = {isa = PBXFileReference; lastKnownFileType = sourcecode.swift; path = HTTPMethod.swift; sourceTree = "<group>"; };
		0E33D54423447C090079D637 /* HTTPTask.swift */ = {isa = PBXFileReference; lastKnownFileType = sourcecode.swift; path = HTTPTask.swift; sourceTree = "<group>"; };
		0E33D54623447D250079D637 /* ParameterEncoding.swift */ = {isa = PBXFileReference; lastKnownFileType = sourcecode.swift; path = ParameterEncoding.swift; sourceTree = "<group>"; };
		0E33D54823447F3A0079D637 /* URLParameterEncoder.swift */ = {isa = PBXFileReference; lastKnownFileType = sourcecode.swift; path = URLParameterEncoder.swift; sourceTree = "<group>"; };
		0E33D54A234481EE0079D637 /* JSONParameterEncoder.swift */ = {isa = PBXFileReference; lastKnownFileType = sourcecode.swift; path = JSONParameterEncoder.swift; sourceTree = "<group>"; };
		0E33D54C2344831E0079D637 /* NetworkRouter.swift */ = {isa = PBXFileReference; lastKnownFileType = sourcecode.swift; path = NetworkRouter.swift; sourceTree = "<group>"; };
		0E33D54E2344854C0079D637 /* Router.swift */ = {isa = PBXFileReference; lastKnownFileType = sourcecode.swift; path = Router.swift; sourceTree = "<group>"; };
		0E33D55023448AA70079D637 /* ImagesAPI.swift */ = {isa = PBXFileReference; lastKnownFileType = sourcecode.swift; path = ImagesAPI.swift; sourceTree = "<group>"; };
		0E33D55223448E4E0079D637 /* NetworkManager.swift */ = {isa = PBXFileReference; lastKnownFileType = sourcecode.swift; path = NetworkManager.swift; sourceTree = "<group>"; };
		0E33D5562344DFB00079D637 /* ImageAPITests.swift */ = {isa = PBXFileReference; lastKnownFileType = sourcecode.swift; path = ImageAPITests.swift; sourceTree = "<group>"; };
		0E33D5592344E8D90079D637 /* EncoderTests.swift */ = {isa = PBXFileReference; lastKnownFileType = sourcecode.swift; path = EncoderTests.swift; sourceTree = "<group>"; };
		0E33D55C2344F0FE0079D637 /* MainNavigationController.swift */ = {isa = PBXFileReference; lastKnownFileType = sourcecode.swift; path = MainNavigationController.swift; sourceTree = "<group>"; };
/* End PBXFileReference section */

/* Begin PBXFrameworksBuildPhase section */
		0E33D4DE233F27760079D637 /* Frameworks */ = {
			isa = PBXFrameworksBuildPhase;
			buildActionMask = 2147483647;
			files = (
			);
			runOnlyForDeploymentPostprocessing = 0;
		};
		0E33D4F2233F27780079D637 /* Frameworks */ = {
			isa = PBXFrameworksBuildPhase;
			buildActionMask = 2147483647;
			files = (
			);
			runOnlyForDeploymentPostprocessing = 0;
		};
		0E33D4FD233F27780079D637 /* Frameworks */ = {
			isa = PBXFrameworksBuildPhase;
			buildActionMask = 2147483647;
			files = (
			);
			runOnlyForDeploymentPostprocessing = 0;
		};
/* End PBXFrameworksBuildPhase section */

/* Begin PBXGroup section */
		0E33D4D8233F27760079D637 = {
			isa = PBXGroup;
			children = (
				0E33D4E3233F27760079D637 /* FlickerAtFlick */,
				0E33D4F8233F27780079D637 /* FlickerAtFlickTests */,
				0E33D503233F27780079D637 /* FlickerAtFlickUITests */,
				0E33D4E2233F27760079D637 /* Products */,
			);
			sourceTree = "<group>";
		};
		0E33D4E2233F27760079D637 /* Products */ = {
			isa = PBXGroup;
			children = (
				0E33D4E1233F27760079D637 /* FlickerAtFlick.app */,
				0E33D4F5233F27780079D637 /* FlickerAtFlickTests.xctest */,
				0E33D500233F27780079D637 /* FlickerAtFlickUITests.xctest */,
			);
			name = Products;
			sourceTree = "<group>";
		};
		0E33D4E3233F27760079D637 /* FlickerAtFlick */ = {
			isa = PBXGroup;
			children = (
				0E33D533233F6C500079D637 /* Utils */,
				0E33D523233F453A0079D637 /* Protocols */,
				0E33D520233F433E0079D637 /* Extensions */,
				0E33D517233F31BB0079D637 /* CommonViews */,
				0E33D515233F2D470079D637 /* Storyboards */,
				0E33D514233F2D300079D637 /* Screens */,
				0E33D512233F2C7C0079D637 /* Networking */,
				0E33D4E4233F27760079D637 /* AppDelegate.swift */,
				0E33D4EB233F27780079D637 /* Assets.xcassets */,
				0E33D4F0233F27780079D637 /* Info.plist */,
			);
			path = FlickerAtFlick;
			sourceTree = "<group>";
		};
		0E33D4F8233F27780079D637 /* FlickerAtFlickTests */ = {
			isa = PBXGroup;
			children = (
				0E33D5582344E8960079D637 /* EncoderTests */,
				0E33D5552344DF810079D637 /* EndPointTests */,
				0E33D5542344DF550079D637 /* ViewModelTests */,
				0E33D4FB233F27780079D637 /* Info.plist */,
			);
			path = FlickerAtFlickTests;
			sourceTree = "<group>";
		};
		0E33D503233F27780079D637 /* FlickerAtFlickUITests */ = {
			isa = PBXGroup;
			children = (
				0E33D504233F27780079D637 /* FlickerAtFlickUITests.swift */,
				0E33D506233F27780079D637 /* Info.plist */,
			);
			path = FlickerAtFlickUITests;
			sourceTree = "<group>";
		};
		0E33D512233F2C7C0079D637 /* Networking */ = {
			isa = PBXGroup;
			children = (
				0E33D53F23447ABE0079D637 /* Encoding */,
				0E33D53E23447AB70079D637 /* Service */,
				0E33D53D23447AB20079D637 /* Manager */,
				0E33D53C23447A950079D637 /* EndPoint */,
			);
			path = Networking;
			sourceTree = "<group>";
		};
		0E33D514233F2D300079D637 /* Screens */ = {
			isa = PBXGroup;
			children = (
				0E33D55B2344F0D70079D637 /* MainNavigationController */,
				0E33D51D233F32680079D637 /* FlickerImageSearch */,
			);
			path = Screens;
			sourceTree = "<group>";
		};
		0E33D515233F2D470079D637 /* Storyboards */ = {
			isa = PBXGroup;
			children = (
				0E33D4E8233F27760079D637 /* Main.storyboard */,
				0E33D4ED233F27780079D637 /* LaunchScreen.storyboard */,
			);
			path = Storyboards;
			sourceTree = "<group>";
		};
		0E33D517233F31BB0079D637 /* CommonViews */ = {
			isa = PBXGroup;
			children = (
				0E33D528233F4A870079D637 /* CachedImageView */,
				0E33D518233F31C90079D637 /* FlickerImageCell */,
			);
			path = CommonViews;
			sourceTree = "<group>";
		};
		0E33D518233F31C90079D637 /* FlickerImageCell */ = {
			isa = PBXGroup;
			children = (
				0E33D519233F320D0079D637 /* FlickerImageCell.swift */,
				0E33D51A233F320D0079D637 /* FlickerImageCell.xib */,
			);
			path = FlickerImageCell;
			sourceTree = "<group>";
		};
		0E33D51D233F32680079D637 /* FlickerImageSearch */ = {
			isa = PBXGroup;
			children = (
				0E33D51E233F32BE0079D637 /* FlickerImageSearchController.swift */,
				0E33D52B233F5AE30079D637 /* FlickerImageSearchViewModel.swift */,
				0E33D52D233F5B010079D637 /* FlickerImageModel.swift */,
				0E33D52F233F5C210079D637 /* FlickerImageSearchModel.swift */,
			);
			path = FlickerImageSearch;
			sourceTree = "<group>";
		};
		0E33D520233F433E0079D637 /* Extensions */ = {
			isa = PBXGroup;
			children = (
				0E33D521233F44470079D637 /* UICollectionView+CellRegistration.swift */,
				0E33D53823445ACC0079D637 /* String+Encoding.swift */,
			);
			path = Extensions;
			sourceTree = "<group>";
		};
		0E33D523233F453A0079D637 /* Protocols */ = {
			isa = PBXGroup;
			children = (
				0E33D524233F454A0079D637 /* NibLodableView.swift */,
				0E33D526233F45890079D637 /* ReusableView.swift */,
			);
			path = Protocols;
			sourceTree = "<group>";
		};
		0E33D528233F4A870079D637 /* CachedImageView */ = {
			isa = PBXGroup;
			children = (
				0E33D529233F4A980079D637 /* CachedImageView.swift */,
			);
			path = CachedImageView;
			sourceTree = "<group>";
		};
		0E33D533233F6C500079D637 /* Utils */ = {
			isa = PBXGroup;
			children = (
				0E33D534233F6C670079D637 /* Utils.swift */,
			);
			path = Utils;
			sourceTree = "<group>";
		};
		0E33D53C23447A950079D637 /* EndPoint */ = {
			isa = PBXGroup;
			children = (
				0E33D55023448AA70079D637 /* ImagesAPI.swift */,
			);
			path = EndPoint;
			sourceTree = "<group>";
		};
		0E33D53D23447AB20079D637 /* Manager */ = {
			isa = PBXGroup;
			children = (
				0E33D55223448E4E0079D637 /* NetworkManager.swift */,
			);
			path = Manager;
			sourceTree = "<group>";
		};
		0E33D53E23447AB70079D637 /* Service */ = {
			isa = PBXGroup;
			children = (
				0E33D54023447AFF0079D637 /* EndPointType.swift */,
				0E33D54223447B910079D637 /* HTTPMethod.swift */,
				0E33D54423447C090079D637 /* HTTPTask.swift */,
				0E33D54C2344831E0079D637 /* NetworkRouter.swift */,
				0E33D54E2344854C0079D637 /* Router.swift */,
			);
			path = Service;
			sourceTree = "<group>";
		};
		0E33D53F23447ABE0079D637 /* Encoding */ = {
			isa = PBXGroup;
			children = (
				0E33D54623447D250079D637 /* ParameterEncoding.swift */,
				0E33D54823447F3A0079D637 /* URLParameterEncoder.swift */,
				0E33D54A234481EE0079D637 /* JSONParameterEncoder.swift */,
			);
			path = Encoding;
			sourceTree = "<group>";
		};
		0E33D5542344DF550079D637 /* ViewModelTests */ = {
			isa = PBXGroup;
			children = (
				0E33D4F9233F27780079D637 /* FlickerImageSearchViewModelTests.swift */,
			);
			path = ViewModelTests;
			sourceTree = "<group>";
		};
		0E33D5552344DF810079D637 /* EndPointTests */ = {
			isa = PBXGroup;
			children = (
				0E33D5562344DFB00079D637 /* ImageAPITests.swift */,
			);
			path = EndPointTests;
			sourceTree = "<group>";
		};
		0E33D5582344E8960079D637 /* EncoderTests */ = {
			isa = PBXGroup;
			children = (
				0E33D5592344E8D90079D637 /* EncoderTests.swift */,
			);
			path = EncoderTests;
			sourceTree = "<group>";
		};
		0E33D55B2344F0D70079D637 /* MainNavigationController */ = {
			isa = PBXGroup;
			children = (
				0E33D55C2344F0FE0079D637 /* MainNavigationController.swift */,
			);
			path = MainNavigationController;
			sourceTree = "<group>";
		};
/* End PBXGroup section */

/* Begin PBXNativeTarget section */
		0E33D4E0233F27760079D637 /* FlickerAtFlick */ = {
			isa = PBXNativeTarget;
			buildConfigurationList = 0E33D509233F27780079D637 /* Build configuration list for PBXNativeTarget "FlickerAtFlick" */;
			buildPhases = (
				0E33D4DD233F27760079D637 /* Sources */,
				0E33D4DE233F27760079D637 /* Frameworks */,
				0E33D4DF233F27760079D637 /* Resources */,
			);
			buildRules = (
			);
			dependencies = (
			);
			name = FlickerAtFlick;
			productName = FlickerAtFlick;
			productReference = 0E33D4E1233F27760079D637 /* FlickerAtFlick.app */;
			productType = "com.apple.product-type.application";
		};
		0E33D4F4233F27780079D637 /* FlickerAtFlickTests */ = {
			isa = PBXNativeTarget;
			buildConfigurationList = 0E33D50C233F27780079D637 /* Build configuration list for PBXNativeTarget "FlickerAtFlickTests" */;
			buildPhases = (
				0E33D4F1233F27780079D637 /* Sources */,
				0E33D4F2233F27780079D637 /* Frameworks */,
				0E33D4F3233F27780079D637 /* Resources */,
			);
			buildRules = (
			);
			dependencies = (
				0E33D4F7233F27780079D637 /* PBXTargetDependency */,
			);
			name = FlickerAtFlickTests;
			productName = FlickerAtFlickTests;
			productReference = 0E33D4F5233F27780079D637 /* FlickerAtFlickTests.xctest */;
			productType = "com.apple.product-type.bundle.unit-test";
		};
		0E33D4FF233F27780079D637 /* FlickerAtFlickUITests */ = {
			isa = PBXNativeTarget;
			buildConfigurationList = 0E33D50F233F27780079D637 /* Build configuration list for PBXNativeTarget "FlickerAtFlickUITests" */;
			buildPhases = (
				0E33D4FC233F27780079D637 /* Sources */,
				0E33D4FD233F27780079D637 /* Frameworks */,
				0E33D4FE233F27780079D637 /* Resources */,
			);
			buildRules = (
			);
			dependencies = (
				0E33D502233F27780079D637 /* PBXTargetDependency */,
			);
			name = FlickerAtFlickUITests;
			productName = FlickerAtFlickUITests;
			productReference = 0E33D500233F27780079D637 /* FlickerAtFlickUITests.xctest */;
			productType = "com.apple.product-type.bundle.ui-testing";
		};
/* End PBXNativeTarget section */

/* Begin PBXProject section */
		0E33D4D9233F27760079D637 /* Project object */ = {
			isa = PBXProject;
			attributes = {
				LastSwiftUpdateCheck = 1020;
				LastUpgradeCheck = 1020;
				ORGANIZATIONNAME = harsha;
				TargetAttributes = {
					0E33D4E0233F27760079D637 = {
						CreatedOnToolsVersion = 10.2;
					};
					0E33D4F4233F27780079D637 = {
						CreatedOnToolsVersion = 10.2;
						TestTargetID = 0E33D4E0233F27760079D637;
					};
					0E33D4FF233F27780079D637 = {
						CreatedOnToolsVersion = 10.2;
						TestTargetID = 0E33D4E0233F27760079D637;
					};
				};
			};
			buildConfigurationList = 0E33D4DC233F27760079D637 /* Build configuration list for PBXProject "FlickerAtFlick" */;
			compatibilityVersion = "Xcode 9.3";
			developmentRegion = en;
			hasScannedForEncodings = 0;
			knownRegions = (
				en,
				Base,
			);
			mainGroup = 0E33D4D8233F27760079D637;
			productRefGroup = 0E33D4E2233F27760079D637 /* Products */;
			projectDirPath = "";
			projectRoot = "";
			targets = (
				0E33D4E0233F27760079D637 /* FlickerAtFlick */,
				0E33D4F4233F27780079D637 /* FlickerAtFlickTests */,
				0E33D4FF233F27780079D637 /* FlickerAtFlickUITests */,
			);
		};
/* End PBXProject section */

/* Begin PBXResourcesBuildPhase section */
		0E33D4DF233F27760079D637 /* Resources */ = {
			isa = PBXResourcesBuildPhase;
			buildActionMask = 2147483647;
			files = (
				0E33D51C233F320D0079D637 /* FlickerImageCell.xib in Resources */,
				0E33D4EF233F27780079D637 /* LaunchScreen.storyboard in Resources */,
				0E33D4EC233F27780079D637 /* Assets.xcassets in Resources */,
				0E33D4EA233F27760079D637 /* Main.storyboard in Resources */,
			);
			runOnlyForDeploymentPostprocessing = 0;
		};
		0E33D4F3233F27780079D637 /* Resources */ = {
			isa = PBXResourcesBuildPhase;
			buildActionMask = 2147483647;
			files = (
			);
			runOnlyForDeploymentPostprocessing = 0;
		};
		0E33D4FE233F27780079D637 /* Resources */ = {
			isa = PBXResourcesBuildPhase;
			buildActionMask = 2147483647;
			files = (
			);
			runOnlyForDeploymentPostprocessing = 0;
		};
/* End PBXResourcesBuildPhase section */

/* Begin PBXSourcesBuildPhase section */
		0E33D4DD233F27760079D637 /* Sources */ = {
			isa = PBXSourcesBuildPhase;
			buildActionMask = 2147483647;
			files = (
				0E33D54F2344854C0079D637 /* Router.swift in Sources */,
				0E33D54B234481EE0079D637 /* JSONParameterEncoder.swift in Sources */,
				0E33D54923447F3A0079D637 /* URLParameterEncoder.swift in Sources */,
				0E33D54723447D250079D637 /* ParameterEncoding.swift in Sources */,
				0E33D55D2344F0FE0079D637 /* MainNavigationController.swift in Sources */,
				0E33D54523447C090079D637 /* HTTPTask.swift in Sources */,
				0E33D52E233F5B010079D637 /* FlickerImageModel.swift in Sources */,
				0E33D55123448AA70079D637 /* ImagesAPI.swift in Sources */,
				0E33D525233F454A0079D637 /* NibLodableView.swift in Sources */,
				0E33D52A233F4A980079D637 /* CachedImageView.swift in Sources */,
				0E33D51F233F32BE0079D637 /* FlickerImageSearchController.swift in Sources */,
				0E33D55323448E4E0079D637 /* NetworkManager.swift in Sources */,
				0E33D53923445ACC0079D637 /* String+Encoding.swift in Sources */,
				0E33D530233F5C210079D637 /* FlickerImageSearchModel.swift in Sources */,
				0E33D54123447AFF0079D637 /* EndPointType.swift in Sources */,
				0E33D52C233F5AE30079D637 /* FlickerImageSearchViewModel.swift in Sources */,
				0E33D522233F44470079D637 /* UICollectionView+CellRegistration.swift in Sources */,
				0E33D527233F45890079D637 /* ReusableView.swift in Sources */,
				0E33D54323447B910079D637 /* HTTPMethod.swift in Sources */,
				0E33D51B233F320D0079D637 /* FlickerImageCell.swift in Sources */,
				0E33D4E5233F27760079D637 /* AppDelegate.swift in Sources */,
				0E33D535233F6C670079D637 /* Utils.swift in Sources */,
				0E33D54D2344831E0079D637 /* NetworkRouter.swift in Sources */,
			);
			runOnlyForDeploymentPostprocessing = 0;
		};
		0E33D4F1233F27780079D637 /* Sources */ = {
			isa = PBXSourcesBuildPhase;
			buildActionMask = 2147483647;
			files = (
				0E33D55A2344E8D90079D637 /* EncoderTests.swift in Sources */,
				0E33D5572344DFB00079D637 /* ImageAPITests.swift in Sources */,
				0E33D4FA233F27780079D637 /* FlickerImageSearchViewModelTests.swift in Sources */,
			);
			runOnlyForDeploymentPostprocessing = 0;
		};
		0E33D4FC233F27780079D637 /* Sources */ = {
			isa = PBXSourcesBuildPhase;
			buildActionMask = 2147483647;
			files = (
				0E33D505233F27780079D637 /* FlickerAtFlickUITests.swift in Sources */,
			);
			runOnlyForDeploymentPostprocessing = 0;
		};
/* End PBXSourcesBuildPhase section */

/* Begin PBXTargetDependency section */
		0E33D4F7233F27780079D637 /* PBXTargetDependency */ = {
			isa = PBXTargetDependency;
			target = 0E33D4E0233F27760079D637 /* FlickerAtFlick */;
			targetProxy = 0E33D4F6233F27780079D637 /* PBXContainerItemProxy */;
		};
		0E33D502233F27780079D637 /* PBXTargetDependency */ = {
			isa = PBXTargetDependency;
			target = 0E33D4E0233F27760079D637 /* FlickerAtFlick */;
			targetProxy = 0E33D501233F27780079D637 /* PBXContainerItemProxy */;
		};
/* End PBXTargetDependency section */

/* Begin PBXVariantGroup section */
		0E33D4E8233F27760079D637 /* Main.storyboard */ = {
			isa = PBXVariantGroup;
			children = (
				0E33D4E9233F27760079D637 /* Base */,
			);
			name = Main.storyboard;
			sourceTree = "<group>";
		};
		0E33D4ED233F27780079D637 /* LaunchScreen.storyboard */ = {
			isa = PBXVariantGroup;
			children = (
				0E33D4EE233F27780079D637 /* Base */,
			);
			name = LaunchScreen.storyboard;
			sourceTree = "<group>";
		};
/* End PBXVariantGroup section */

/* Begin XCBuildConfiguration section */
		0E33D507233F27780079D637 /* Debug */ = {
			isa = XCBuildConfiguration;
			buildSettings = {
				ALWAYS_SEARCH_USER_PATHS = NO;
				CLANG_ANALYZER_NONNULL = YES;
				CLANG_ANALYZER_NUMBER_OBJECT_CONVERSION = YES_AGGRESSIVE;
				CLANG_CXX_LANGUAGE_STANDARD = "gnu++14";
				CLANG_CXX_LIBRARY = "libc++";
				CLANG_ENABLE_MODULES = YES;
				CLANG_ENABLE_OBJC_ARC = YES;
				CLANG_ENABLE_OBJC_WEAK = YES;
				CLANG_WARN_BLOCK_CAPTURE_AUTORELEASING = YES;
				CLANG_WARN_BOOL_CONVERSION = YES;
				CLANG_WARN_COMMA = YES;
				CLANG_WARN_CONSTANT_CONVERSION = YES;
				CLANG_WARN_DEPRECATED_OBJC_IMPLEMENTATIONS = YES;
				CLANG_WARN_DIRECT_OBJC_ISA_USAGE = YES_ERROR;
				CLANG_WARN_DOCUMENTATION_COMMENTS = YES;
				CLANG_WARN_EMPTY_BODY = YES;
				CLANG_WARN_ENUM_CONVERSION = YES;
				CLANG_WARN_INFINITE_RECURSION = YES;
				CLANG_WARN_INT_CONVERSION = YES;
				CLANG_WARN_NON_LITERAL_NULL_CONVERSION = YES;
				CLANG_WARN_OBJC_IMPLICIT_RETAIN_SELF = YES;
				CLANG_WARN_OBJC_LITERAL_CONVERSION = YES;
				CLANG_WARN_OBJC_ROOT_CLASS = YES_ERROR;
				CLANG_WARN_RANGE_LOOP_ANALYSIS = YES;
				CLANG_WARN_STRICT_PROTOTYPES = YES;
				CLANG_WARN_SUSPICIOUS_MOVE = YES;
				CLANG_WARN_UNGUARDED_AVAILABILITY = YES_AGGRESSIVE;
				CLANG_WARN_UNREACHABLE_CODE = YES;
				CLANG_WARN__DUPLICATE_METHOD_MATCH = YES;
				CODE_SIGN_IDENTITY = "iPhone Developer";
				COPY_PHASE_STRIP = NO;
				DEBUG_INFORMATION_FORMAT = dwarf;
				ENABLE_STRICT_OBJC_MSGSEND = YES;
				ENABLE_TESTABILITY = YES;
				GCC_C_LANGUAGE_STANDARD = gnu11;
				GCC_DYNAMIC_NO_PIC = NO;
				GCC_NO_COMMON_BLOCKS = YES;
				GCC_OPTIMIZATION_LEVEL = 0;
				GCC_PREPROCESSOR_DEFINITIONS = (
					"DEBUG=1",
					"$(inherited)",
				);
				GCC_WARN_64_TO_32_BIT_CONVERSION = YES;
				GCC_WARN_ABOUT_RETURN_TYPE = YES_ERROR;
				GCC_WARN_UNDECLARED_SELECTOR = YES;
				GCC_WARN_UNINITIALIZED_AUTOS = YES_AGGRESSIVE;
				GCC_WARN_UNUSED_FUNCTION = YES;
				GCC_WARN_UNUSED_VARIABLE = YES;
				IPHONEOS_DEPLOYMENT_TARGET = 10.0;
				MTL_ENABLE_DEBUG_INFO = INCLUDE_SOURCE;
				MTL_FAST_MATH = YES;
				ONLY_ACTIVE_ARCH = YES;
				SDKROOT = iphoneos;
				SWIFT_ACTIVE_COMPILATION_CONDITIONS = DEBUG;
				SWIFT_OPTIMIZATION_LEVEL = "-Onone";
			};
			name = Debug;
		};
		0E33D508233F27780079D637 /* Release */ = {
			isa = XCBuildConfiguration;
			buildSettings = {
				ALWAYS_SEARCH_USER_PATHS = NO;
				CLANG_ANALYZER_NONNULL = YES;
				CLANG_ANALYZER_NUMBER_OBJECT_CONVERSION = YES_AGGRESSIVE;
				CLANG_CXX_LANGUAGE_STANDARD = "gnu++14";
				CLANG_CXX_LIBRARY = "libc++";
				CLANG_ENABLE_MODULES = YES;
				CLANG_ENABLE_OBJC_ARC = YES;
				CLANG_ENABLE_OBJC_WEAK = YES;
				CLANG_WARN_BLOCK_CAPTURE_AUTORELEASING = YES;
				CLANG_WARN_BOOL_CONVERSION = YES;
				CLANG_WARN_COMMA = YES;
				CLANG_WARN_CONSTANT_CONVERSION = YES;
				CLANG_WARN_DEPRECATED_OBJC_IMPLEMENTATIONS = YES;
				CLANG_WARN_DIRECT_OBJC_ISA_USAGE = YES_ERROR;
				CLANG_WARN_DOCUMENTATION_COMMENTS = YES;
				CLANG_WARN_EMPTY_BODY = YES;
				CLANG_WARN_ENUM_CONVERSION = YES;
				CLANG_WARN_INFINITE_RECURSION = YES;
				CLANG_WARN_INT_CONVERSION = YES;
				CLANG_WARN_NON_LITERAL_NULL_CONVERSION = YES;
				CLANG_WARN_OBJC_IMPLICIT_RETAIN_SELF = YES;
				CLANG_WARN_OBJC_LITERAL_CONVERSION = YES;
				CLANG_WARN_OBJC_ROOT_CLASS = YES_ERROR;
				CLANG_WARN_RANGE_LOOP_ANALYSIS = YES;
				CLANG_WARN_STRICT_PROTOTYPES = YES;
				CLANG_WARN_SUSPICIOUS_MOVE = YES;
				CLANG_WARN_UNGUARDED_AVAILABILITY = YES_AGGRESSIVE;
				CLANG_WARN_UNREACHABLE_CODE = YES;
				CLANG_WARN__DUPLICATE_METHOD_MATCH = YES;
				CODE_SIGN_IDENTITY = "iPhone Developer";
				COPY_PHASE_STRIP = NO;
				DEBUG_INFORMATION_FORMAT = "dwarf-with-dsym";
				ENABLE_NS_ASSERTIONS = NO;
				ENABLE_STRICT_OBJC_MSGSEND = YES;
				GCC_C_LANGUAGE_STANDARD = gnu11;
				GCC_NO_COMMON_BLOCKS = YES;
				GCC_WARN_64_TO_32_BIT_CONVERSION = YES;
				GCC_WARN_ABOUT_RETURN_TYPE = YES_ERROR;
				GCC_WARN_UNDECLARED_SELECTOR = YES;
				GCC_WARN_UNINITIALIZED_AUTOS = YES_AGGRESSIVE;
				GCC_WARN_UNUSED_FUNCTION = YES;
				GCC_WARN_UNUSED_VARIABLE = YES;
				IPHONEOS_DEPLOYMENT_TARGET = 10.0;
				MTL_ENABLE_DEBUG_INFO = NO;
				MTL_FAST_MATH = YES;
				SDKROOT = iphoneos;
				SWIFT_COMPILATION_MODE = wholemodule;
				SWIFT_OPTIMIZATION_LEVEL = "-O";
				VALIDATE_PRODUCT = YES;
			};
			name = Release;
		};
		0E33D50A233F27780079D637 /* Debug */ = {
			isa = XCBuildConfiguration;
			buildSettings = {
				ASSETCATALOG_COMPILER_APPICON_NAME = AppIcon;
				CODE_SIGN_STYLE = Automatic;
				DEVELOPMENT_TEAM = UZN6A3T752;
				INFOPLIST_FILE = FlickerAtFlick/Info.plist;
				LD_RUNPATH_SEARCH_PATHS = (
					"$(inherited)",
					"@executable_path/Frameworks",
				);
				PRODUCT_BUNDLE_IDENTIFIER = com.harsha.FlickerAtFlick;
				PRODUCT_NAME = "$(TARGET_NAME)";
				SWIFT_VERSION = 5.0;
				TARGETED_DEVICE_FAMILY = "1,2";
			};
			name = Debug;
		};
		0E33D50B233F27780079D637 /* Release */ = {
			isa = XCBuildConfiguration;
			buildSettings = {
				ASSETCATALOG_COMPILER_APPICON_NAME = AppIcon;
				CODE_SIGN_STYLE = Automatic;
				DEVELOPMENT_TEAM = UZN6A3T752;
				INFOPLIST_FILE = FlickerAtFlick/Info.plist;
				LD_RUNPATH_SEARCH_PATHS = (
					"$(inherited)",
					"@executable_path/Frameworks",
				);
				PRODUCT_BUNDLE_IDENTIFIER = com.harsha.FlickerAtFlick;
				PRODUCT_NAME = "$(TARGET_NAME)";
				SWIFT_VERSION = 5.0;
				TARGETED_DEVICE_FAMILY = "1,2";
			};
			name = Release;
		};
		0E33D50D233F27780079D637 /* Debug */ = {
			isa = XCBuildConfiguration;
			buildSettings = {
				ALWAYS_EMBED_SWIFT_STANDARD_LIBRARIES = YES;
				BUNDLE_LOADER = "$(TEST_HOST)";
				CODE_SIGN_STYLE = Automatic;
				DEVELOPMENT_TEAM = UZN6A3T752;
				INFOPLIST_FILE = FlickerAtFlickTests/Info.plist;
				LD_RUNPATH_SEARCH_PATHS = (
					"$(inherited)",
					"@executable_path/Frameworks",
					"@loader_path/Frameworks",
				);
				PRODUCT_BUNDLE_IDENTIFIER = com.harsha.FlickerAtFlickTests;
				PRODUCT_NAME = "$(TARGET_NAME)";
				SWIFT_VERSION = 5.0;
				TARGETED_DEVICE_FAMILY = "1,2";
				TEST_HOST = "$(BUILT_PRODUCTS_DIR)/FlickerAtFlick.app/FlickerAtFlick";
			};
			name = Debug;
		};
		0E33D50E233F27780079D637 /* Release */ = {
			isa = XCBuildConfiguration;
			buildSettings = {
				ALWAYS_EMBED_SWIFT_STANDARD_LIBRARIES = YES;
				BUNDLE_LOADER = "$(TEST_HOST)";
				CODE_SIGN_STYLE = Automatic;
				DEVELOPMENT_TEAM = UZN6A3T752;
				INFOPLIST_FILE = FlickerAtFlickTests/Info.plist;
				LD_RUNPATH_SEARCH_PATHS = (
					"$(inherited)",
					"@executable_path/Frameworks",
					"@loader_path/Frameworks",
				);
				PRODUCT_BUNDLE_IDENTIFIER = com.harsha.FlickerAtFlickTests;
				PRODUCT_NAME = "$(TARGET_NAME)";
				SWIFT_VERSION = 5.0;
				TARGETED_DEVICE_FAMILY = "1,2";
				TEST_HOST = "$(BUILT_PRODUCTS_DIR)/FlickerAtFlick.app/FlickerAtFlick";
			};
			name = Release;
		};
		0E33D510233F27780079D637 /* Debug */ = {
			isa = XCBuildConfiguration;
			buildSettings = {
				ALWAYS_EMBED_SWIFT_STANDARD_LIBRARIES = YES;
				CODE_SIGN_STYLE = Automatic;
				DEVELOPMENT_TEAM = UZN6A3T752;
				INFOPLIST_FILE = FlickerAtFlickUITests/Info.plist;
				LD_RUNPATH_SEARCH_PATHS = (
					"$(inherited)",
					"@executable_path/Frameworks",
					"@loader_path/Frameworks",
				);
				PRODUCT_BUNDLE_IDENTIFIER = com.harsha.FlickerAtFlickUITests;
				PRODUCT_NAME = "$(TARGET_NAME)";
				SWIFT_VERSION = 5.0;
				TARGETED_DEVICE_FAMILY = "1,2";
				TEST_TARGET_NAME = FlickerAtFlick;
			};
			name = Debug;
		};
		0E33D511233F27780079D637 /* Release */ = {
			isa = XCBuildConfiguration;
			buildSettings = {
				ALWAYS_EMBED_SWIFT_STANDARD_LIBRARIES = YES;
				CODE_SIGN_STYLE = Automatic;
				DEVELOPMENT_TEAM = UZN6A3T752;
				INFOPLIST_FILE = FlickerAtFlickUITests/Info.plist;
				LD_RUNPATH_SEARCH_PATHS = (
					"$(inherited)",
					"@executable_path/Frameworks",
					"@loader_path/Frameworks",
				);
				PRODUCT_BUNDLE_IDENTIFIER = com.harsha.FlickerAtFlickUITests;
				PRODUCT_NAME = "$(TARGET_NAME)";
				SWIFT_VERSION = 5.0;
				TARGETED_DEVICE_FAMILY = "1,2";
				TEST_TARGET_NAME = FlickerAtFlick;
			};
			name = Release;
		};
/* End XCBuildConfiguration section */

/* Begin XCConfigurationList section */
		0E33D4DC233F27760079D637 /* Build configuration list for PBXProject "FlickerAtFlick" */ = {
			isa = XCConfigurationList;
			buildConfigurations = (
				0E33D507233F27780079D637 /* Debug */,
				0E33D508233F27780079D637 /* Release */,
			);
			defaultConfigurationIsVisible = 0;
			defaultConfigurationName = Release;
		};
		0E33D509233F27780079D637 /* Build configuration list for PBXNativeTarget "FlickerAtFlick" */ = {
			isa = XCConfigurationList;
			buildConfigurations = (
				0E33D50A233F27780079D637 /* Debug */,
				0E33D50B233F27780079D637 /* Release */,
			);
			defaultConfigurationIsVisible = 0;
			defaultConfigurationName = Release;
		};
		0E33D50C233F27780079D637 /* Build configuration list for PBXNativeTarget "FlickerAtFlickTests" */ = {
			isa = XCConfigurationList;
			buildConfigurations = (
				0E33D50D233F27780079D637 /* Debug */,
				0E33D50E233F27780079D637 /* Release */,
			);
			defaultConfigurationIsVisible = 0;
			defaultConfigurationName = Release;
		};
		0E33D50F233F27780079D637 /* Build configuration list for PBXNativeTarget "FlickerAtFlickUITests" */ = {
			isa = XCConfigurationList;
			buildConfigurations = (
				0E33D510233F27780079D637 /* Debug */,
				0E33D511233F27780079D637 /* Release */,
			);
			defaultConfigurationIsVisible = 0;
			defaultConfigurationName = Release;
		};
/* End XCConfigurationList section */
	};
	rootObject = 0E33D4D9233F27760079D637 /* Project object */;
}
